
Microsoft Visual Studio Solution File, Format Version 12.00
# Visual Studio 15
VisualStudioVersion = 15.0.28307.168
MinimumVisualStudioVersion = 10.0.40219.1
Project("{9A19103F-16F7-4668-BE54-9A1E7A4F7556}") = "SecretSantaApp.Api", "SecretSantaApp.Api\SecretSantaApp.Api.csproj", "{C0972945-860A-48C5-88E1-466967163209}"
EndProject
Project("{2150E333-8FDC-42A3-9474-1A3956D46DE8}") = "Presentation", "Presentation", "{59896A40-5243-4DCD-BF84-3EC48B27125C}"
EndProject
Project("{2150E333-8FDC-42A3-9474-1A3956D46DE8}") = "Persistence", "Persistence", "{E9E81090-A21C-4126-8558-62C0FE439506}"
EndProject
Project("{9A19103F-16F7-4668-BE54-9A1E7A4F7556}") = "SecretSantaApp.EfCore", "SecretSantaApp.EfCore\SecretSantaApp.EfCore.csproj", "{12C95724-5C23-477E-8CBB-09899D8DBE5C}"
EndProject
Global
	GlobalSection(SolutionConfigurationPlatforms) = preSolution
		Debug|Any CPU = Debug|Any CPU
		Release|Any CPU = Release|Any CPU
	EndGlobalSection
	GlobalSection(ProjectConfigurationPlatforms) = postSolution
		{C0972945-860A-48C5-88E1-466967163209}.Debug|Any CPU.ActiveCfg = Debug|Any CPU
		{C0972945-860A-48C5-88E1-466967163209}.Debug|Any CPU.Build.0 = Debug|Any CPU
		{C0972945-860A-48C5-88E1-466967163209}.Release|Any CPU.ActiveCfg = Release|Any CPU
		{C0972945-860A-48C5-88E1-466967163209}.Release|Any CPU.Build.0 = Release|Any CPU
		{12C95724-5C23-477E-8CBB-09899D8DBE5C}.Debug|Any CPU.ActiveCfg = Debug|Any CPU
		{12C95724-5C23-477E-8CBB-09899D8DBE5C}.Debug|Any CPU.Build.0 = Debug|Any CPU
		{12C95724-5C23-477E-8CBB-09899D8DBE5C}.Release|Any CPU.ActiveCfg = Release|Any CPU
		{12C95724-5C23-477E-8CBB-09899D8DBE5C}.Release|Any CPU.Build.0 = Release|Any CPU
	EndGlobalSection
	GlobalSection(SolutionProperties) = preSolution
		HideSolutionNode = FALSE
	EndGlobalSection
	GlobalSection(NestedProjects) = preSolution
		{C0972945-860A-48C5-88E1-466967163209} = {59896A40-5243-4DCD-BF84-3EC48B27125C}
		{12C95724-5C23-477E-8CBB-09899D8DBE5C} = {E9E81090-A21C-4126-8558-62C0FE439506}
	EndGlobalSection
	GlobalSection(ExtensibilityGlobals) = postSolution
		SolutionGuid = {60F0BAFD-002C-42CC-ADF2-C1A0CAA1636F}
	EndGlobalSection
EndGlobal
